// !$*UTF8*$!
{
	archiveVersion = 1;
	classes = {
	};
	objectVersion = 55;
	objects = {

/* Begin PBXBuildFile section */
		047E5CF929172D9300FFADE3 /* MessageData.swift in Sources */ = {isa = PBXBuildFile; fileRef = 047E5CF829172D9300FFADE3 /* MessageData.swift */; };
		047E5CFB29172E8E00FFADE3 /* GoogleService-Info.plist in Resources */ = {isa = PBXBuildFile; fileRef = 047E5CFA29172E8E00FFADE3 /* GoogleService-Info.plist */; };
		047E5CFF2917315600FFADE3 /* create-a-bio-view.swift in Sources */ = {isa = PBXBuildFile; fileRef = 047E5CFE2917315600FFADE3 /* create-a-bio-view.swift */; };
		047E5D01291740FD00FFADE3 /* swipe-view.swift in Sources */ = {isa = PBXBuildFile; fileRef = 047E5D00291740FD00FFADE3 /* swipe-view.swift */; };
		047E5D032917530200FFADE3 /* bio-view.swift in Sources */ = {isa = PBXBuildFile; fileRef = 047E5D022917530200FFADE3 /* bio-view.swift */; };
		0491A2882916B7E900708224 /* sign-in-view.swift in Sources */ = {isa = PBXBuildFile; fileRef = 0491A2872916B7E900708224 /* sign-in-view.swift */; };
		04CDA8E92916E9A700BB7E1F /* register-view.swift in Sources */ = {isa = PBXBuildFile; fileRef = 04CDA8E82916E9A700BB7E1F /* register-view.swift */; };
		04CDA8FF2917141000BB7E1F /* bottomNavigationForm.swift in Sources */ = {isa = PBXBuildFile; fileRef = 04CDA8FE2917141000BB7E1F /* bottomNavigationForm.swift */; };
		04CDA9012917142F00BB7E1F /* messageBubble.swift in Sources */ = {isa = PBXBuildFile; fileRef = 04CDA9002917142F00BB7E1F /* messageBubble.swift */; };
		04CDA9032917145200BB7E1F /* messageField.swift in Sources */ = {isa = PBXBuildFile; fileRef = 04CDA9022917145200BB7E1F /* messageField.swift */; };
		04CDA9052917146A00BB7E1F /* titleRow.swift in Sources */ = {isa = PBXBuildFile; fileRef = 04CDA9042917146A00BB7E1F /* titleRow.swift */; };
		04CDA909291715F600BB7E1F /* message-view.swift in Sources */ = {isa = PBXBuildFile; fileRef = 04CDA908291715F600BB7E1F /* message-view.swift */; };
		04CDA90C2917166F00BB7E1F /* Message.swift in Sources */ = {isa = PBXBuildFile; fileRef = 04CDA90B2917166F00BB7E1F /* Message.swift */; };
		04CDA90E2917191500BB7E1F /* inbox-view.swift in Sources */ = {isa = PBXBuildFile; fileRef = 04CDA90D2917191500BB7E1F /* inbox-view.swift */; };
		F67B49162916BE6400E4E40A /* FirebaseAnalytics in Frameworks */ = {isa = PBXBuildFile; productRef = F67B49152916BE6400E4E40A /* FirebaseAnalytics */; };
		F67B49182916BE6400E4E40A /* FirebaseAnalyticsWithoutAdIdSupport in Frameworks */ = {isa = PBXBuildFile; productRef = F67B49172916BE6400E4E40A /* FirebaseAnalyticsWithoutAdIdSupport */; };
		F67B491A2916BE6400E4E40A /* FirebaseAuth in Frameworks */ = {isa = PBXBuildFile; productRef = F67B49192916BE6400E4E40A /* FirebaseAuth */; };
		F67B491C2916BE6400E4E40A /* FirebaseFirestore in Frameworks */ = {isa = PBXBuildFile; productRef = F67B491B2916BE6400E4E40A /* FirebaseFirestore */; };
		F6A90F1129171227007D7911 /* ViewRouter.swift in Sources */ = {isa = PBXBuildFile; fileRef = F6A90F1029171227007D7911 /* ViewRouter.swift */; };
		F6AF87DF2916B39200E22A98 /* teammateApp.swift in Sources */ = {isa = PBXBuildFile; fileRef = F6AF87DE2916B39200E22A98 /* teammateApp.swift */; };
		F6AF87E12916B39200E22A98 /* ContentView.swift in Sources */ = {isa = PBXBuildFile; fileRef = F6AF87E02916B39200E22A98 /* ContentView.swift */; };
		F6AF87E32916B39700E22A98 /* Assets.xcassets in Resources */ = {isa = PBXBuildFile; fileRef = F6AF87E22916B39700E22A98 /* Assets.xcassets */; };
		F6AF87E62916B39700E22A98 /* Preview Assets.xcassets in Resources */ = {isa = PBXBuildFile; fileRef = F6AF87E52916B39700E22A98 /* Preview Assets.xcassets */; };
/* End PBXBuildFile section */

/* Begin PBXFileReference section */
		047E5CF829172D9300FFADE3 /* MessageData.swift */ = {isa = PBXFileReference; lastKnownFileType = sourcecode.swift; path = MessageData.swift; sourceTree = "<group>"; };
		047E5CFA29172E8E00FFADE3 /* GoogleService-Info.plist */ = {isa = PBXFileReference; fileEncoding = 4; lastKnownFileType = text.plist.xml; name = "GoogleService-Info.plist"; path = "../../../Downloads/GoogleService-Info.plist"; sourceTree = "<group>"; };
		047E5CFE2917315600FFADE3 /* create-a-bio-view.swift */ = {isa = PBXFileReference; lastKnownFileType = sourcecode.swift; path = "create-a-bio-view.swift"; sourceTree = "<group>"; };
		047E5D00291740FD00FFADE3 /* swipe-view.swift */ = {isa = PBXFileReference; lastKnownFileType = sourcecode.swift; path = "swipe-view.swift"; sourceTree = "<group>"; };
		047E5D022917530200FFADE3 /* bio-view.swift */ = {isa = PBXFileReference; lastKnownFileType = sourcecode.swift; path = "bio-view.swift"; sourceTree = "<group>"; };
		0491A2872916B7E900708224 /* sign-in-view.swift */ = {isa = PBXFileReference; lastKnownFileType = sourcecode.swift; path = "sign-in-view.swift"; sourceTree = "<group>"; };
		04CDA8E82916E9A700BB7E1F /* register-view.swift */ = {isa = PBXFileReference; lastKnownFileType = sourcecode.swift; path = "register-view.swift"; sourceTree = "<group>"; };
		04CDA8FE2917141000BB7E1F /* bottomNavigationForm.swift */ = {isa = PBXFileReference; lastKnownFileType = sourcecode.swift; path = bottomNavigationForm.swift; sourceTree = "<group>"; };
		04CDA9002917142F00BB7E1F /* messageBubble.swift */ = {isa = PBXFileReference; lastKnownFileType = sourcecode.swift; path = messageBubble.swift; sourceTree = "<group>"; };
		04CDA9022917145200BB7E1F /* messageField.swift */ = {isa = PBXFileReference; lastKnownFileType = sourcecode.swift; path = messageField.swift; sourceTree = "<group>"; };
		04CDA9042917146A00BB7E1F /* titleRow.swift */ = {isa = PBXFileReference; lastKnownFileType = sourcecode.swift; path = titleRow.swift; sourceTree = "<group>"; };
		04CDA908291715F600BB7E1F /* message-view.swift */ = {isa = PBXFileReference; lastKnownFileType = sourcecode.swift; path = "message-view.swift"; sourceTree = "<group>"; };
		04CDA90B2917166F00BB7E1F /* Message.swift */ = {isa = PBXFileReference; lastKnownFileType = sourcecode.swift; path = Message.swift; sourceTree = "<group>"; };
		04CDA90D2917191500BB7E1F /* inbox-view.swift */ = {isa = PBXFileReference; lastKnownFileType = sourcecode.swift; path = "inbox-view.swift"; sourceTree = "<group>"; };
		F6A90F1029171227007D7911 /* ViewRouter.swift */ = {isa = PBXFileReference; lastKnownFileType = sourcecode.swift; path = ViewRouter.swift; sourceTree = "<group>"; };
		F6AF87DB2916B39200E22A98 /* teammate.app */ = {isa = PBXFileReference; explicitFileType = wrapper.application; includeInIndex = 0; path = teammate.app; sourceTree = BUILT_PRODUCTS_DIR; };
		F6AF87DE2916B39200E22A98 /* teammateApp.swift */ = {isa = PBXFileReference; lastKnownFileType = sourcecode.swift; path = teammateApp.swift; sourceTree = "<group>"; };
		F6AF87E02916B39200E22A98 /* ContentView.swift */ = {isa = PBXFileReference; lastKnownFileType = sourcecode.swift; path = ContentView.swift; sourceTree = "<group>"; };
		F6AF87E22916B39700E22A98 /* Assets.xcassets */ = {isa = PBXFileReference; lastKnownFileType = folder.assetcatalog; path = Assets.xcassets; sourceTree = "<group>"; };
		F6AF87E52916B39700E22A98 /* Preview Assets.xcassets */ = {isa = PBXFileReference; lastKnownFileType = folder.assetcatalog; path = "Preview Assets.xcassets"; sourceTree = "<group>"; };
/* End PBXFileReference section */

/* Begin PBXFrameworksBuildPhase section */
		F6AF87D82916B39200E22A98 /* Frameworks */ = {
			isa = PBXFrameworksBuildPhase;
			buildActionMask = 2147483647;
			files = (
				F67B49162916BE6400E4E40A /* FirebaseAnalytics in Frameworks */,
				F67B491C2916BE6400E4E40A /* FirebaseFirestore in Frameworks */,
				F67B491A2916BE6400E4E40A /* FirebaseAuth in Frameworks */,
				F67B49182916BE6400E4E40A /* FirebaseAnalyticsWithoutAdIdSupport in Frameworks */,
			);
			runOnlyForDeploymentPostprocessing = 0;
		};
/* End PBXFrameworksBuildPhase section */

/* Begin PBXGroup section */
		0491A2822916B79400708224 /* Views */ = {
			isa = PBXGroup;
			children = (
				F6AF87E02916B39200E22A98 /* ContentView.swift */,
				0491A2872916B7E900708224 /* sign-in-view.swift */,
				04CDA8E82916E9A700BB7E1F /* register-view.swift */,
				04CDA908291715F600BB7E1F /* message-view.swift */,
				04CDA90D2917191500BB7E1F /* inbox-view.swift */,
				047E5CFE2917315600FFADE3 /* create-a-bio-view.swift */,
				047E5D00291740FD00FFADE3 /* swipe-view.swift */,
				047E5D022917530200FFADE3 /* bio-view.swift */,
			);
			path = Views;
			sourceTree = "<group>";
		};
		04CDA8FD291713F400BB7E1F /* Components */ = {
			isa = PBXGroup;
			children = (
				04CDA8FE2917141000BB7E1F /* bottomNavigationForm.swift */,
				04CDA9002917142F00BB7E1F /* messageBubble.swift */,
				04CDA9022917145200BB7E1F /* messageField.swift */,
				04CDA9042917146A00BB7E1F /* titleRow.swift */,
			);
			path = Components;
			sourceTree = "<group>";
		};
		04CDA90A2917165C00BB7E1F /* Models */ = {
			isa = PBXGroup;
			children = (
				04CDA90B2917166F00BB7E1F /* Message.swift */,
				047E5CF829172D9300FFADE3 /* MessageData.swift */,
			);
			path = Models;
			sourceTree = "<group>";
		};
		F6AF87D22916B39200E22A98 = {
			isa = PBXGroup;
			children = (
				047E5CFA29172E8E00FFADE3 /* GoogleService-Info.plist */,
				F6AF87DD2916B39200E22A98 /* teammate */,
				F6AF87DC2916B39200E22A98 /* Products */,
			);
			sourceTree = "<group>";
		};
		F6AF87DC2916B39200E22A98 /* Products */ = {
			isa = PBXGroup;
			children = (
				F6AF87DB2916B39200E22A98 /* teammate.app */,
			);
			name = Products;
			sourceTree = "<group>";
		};
		F6AF87DD2916B39200E22A98 /* teammate */ = {
			isa = PBXGroup;
			children = (
				04CDA90A2917165C00BB7E1F /* Models */,
				04CDA8FD291713F400BB7E1F /* Components */,
				F6A90F1029171227007D7911 /* ViewRouter.swift */,
				F6AF87E22916B39700E22A98 /* Assets.xcassets */,
				F6AF87DE2916B39200E22A98 /* teammateApp.swift */,
				0491A2822916B79400708224 /* Views */,
				F6AF87E42916B39700E22A98 /* Preview Content */,
			);
			path = teammate;
			sourceTree = "<group>";
		};
		F6AF87E42916B39700E22A98 /* Preview Content */ = {
			isa = PBXGroup;
			children = (
				F6AF87E52916B39700E22A98 /* Preview Assets.xcassets */,
			);
			path = "Preview Content";
			sourceTree = "<group>";
		};
/* End PBXGroup section */

/* Begin PBXNativeTarget section */
		F6AF87DA2916B39200E22A98 /* teammate */ = {
			isa = PBXNativeTarget;
			buildConfigurationList = F6AF87E92916B39700E22A98 /* Build configuration list for PBXNativeTarget "teammate" */;
			buildPhases = (
				F6AF87D72916B39200E22A98 /* Sources */,
				F6AF87D82916B39200E22A98 /* Frameworks */,
				F6AF87D92916B39200E22A98 /* Resources */,
			);
			buildRules = (
			);
			dependencies = (
			);
			name = teammate;
			packageProductDependencies = (
				F67B49152916BE6400E4E40A /* FirebaseAnalytics */,
				F67B49172916BE6400E4E40A /* FirebaseAnalyticsWithoutAdIdSupport */,
				F67B49192916BE6400E4E40A /* FirebaseAuth */,
				F67B491B2916BE6400E4E40A /* FirebaseFirestore */,
			);
			productName = teammate;
			productReference = F6AF87DB2916B39200E22A98 /* teammate.app */;
			productType = "com.apple.product-type.application";
		};
/* End PBXNativeTarget section */

/* Begin PBXProject section */
		F6AF87D32916B39200E22A98 /* Project object */ = {
			isa = PBXProject;
			attributes = {
				BuildIndependentTargetsInParallel = 1;
				LastSwiftUpdateCheck = 1340;
				LastUpgradeCheck = 1340;
				TargetAttributes = {
					F6AF87DA2916B39200E22A98 = {
						CreatedOnToolsVersion = 13.4.1;
					};
				};
			};
			buildConfigurationList = F6AF87D62916B39200E22A98 /* Build configuration list for PBXProject "teammate" */;
			compatibilityVersion = "Xcode 13.0";
			developmentRegion = en;
			hasScannedForEncodings = 0;
			knownRegions = (
				en,
				Base,
			);
			mainGroup = F6AF87D22916B39200E22A98;
			packageReferences = (
				F67B49142916BE6400E4E40A /* XCRemoteSwiftPackageReference "firebase-ios-sdk" */,
			);
			productRefGroup = F6AF87DC2916B39200E22A98 /* Products */;
			projectDirPath = "";
			projectRoot = "";
			targets = (
				F6AF87DA2916B39200E22A98 /* teammate */,
			);
		};
/* End PBXProject section */

/* Begin PBXResourcesBuildPhase section */
		F6AF87D92916B39200E22A98 /* Resources */ = {
			isa = PBXResourcesBuildPhase;
			buildActionMask = 2147483647;
			files = (
				047E5CFB29172E8E00FFADE3 /* GoogleService-Info.plist in Resources */,
				F6AF87E62916B39700E22A98 /* Preview Assets.xcassets in Resources */,
				F6AF87E32916B39700E22A98 /* Assets.xcassets in Resources */,
			);
			runOnlyForDeploymentPostprocessing = 0;
		};
/* End PBXResourcesBuildPhase section */

/* Begin PBXSourcesBuildPhase section */
		F6AF87D72916B39200E22A98 /* Sources */ = {
			isa = PBXSourcesBuildPhase;
			buildActionMask = 2147483647;
			files = (
				F6A90F1129171227007D7911 /* ViewRouter.swift in Sources */,
				047E5CFF2917315600FFADE3 /* create-a-bio-view.swift in Sources */,
				04CDA9012917142F00BB7E1F /* messageBubble.swift in Sources */,
				F6AF87E12916B39200E22A98 /* ContentView.swift in Sources */,
				04CDA90E2917191500BB7E1F /* inbox-view.swift in Sources */,
				04CDA909291715F600BB7E1F /* message-view.swift in Sources */,
				04CDA8FF2917141000BB7E1F /* bottomNavigationForm.swift in Sources */,
				F6AF87DF2916B39200E22A98 /* teammateApp.swift in Sources */,
				04CDA90C2917166F00BB7E1F /* Message.swift in Sources */,
				047E5D01291740FD00FFADE3 /* swipe-view.swift in Sources */,
				0491A2882916B7E900708224 /* sign-in-view.swift in Sources */,
				047E5D032917530200FFADE3 /* bio-view.swift in Sources */,
				04CDA9032917145200BB7E1F /* messageField.swift in Sources */,
				04CDA9052917146A00BB7E1F /* titleRow.swift in Sources */,
				04CDA8E92916E9A700BB7E1F /* register-view.swift in Sources */,
				047E5CF929172D9300FFADE3 /* MessageData.swift in Sources */,
			);
			runOnlyForDeploymentPostprocessing = 0;
		};
/* End PBXSourcesBuildPhase section */

/* Begin XCBuildConfiguration section */
		F6AF87E72916B39700E22A98 /* Debug */ = {
			isa = XCBuildConfiguration;
			buildSettings = {
				ALWAYS_SEARCH_USER_PATHS = NO;
				CLANG_ANALYZER_NONNULL = YES;
				CLANG_ANALYZER_NUMBER_OBJECT_CONVERSION = YES_AGGRESSIVE;
				CLANG_CXX_LANGUAGE_STANDARD = "gnu++17";
				CLANG_ENABLE_MODULES = YES;
				CLANG_ENABLE_OBJC_ARC = YES;
				CLANG_ENABLE_OBJC_WEAK = YES;
				CLANG_WARN_BLOCK_CAPTURE_AUTORELEASING = YES;
				CLANG_WARN_BOOL_CONVERSION = YES;
				CLANG_WARN_COMMA = YES;
				CLANG_WARN_CONSTANT_CONVERSION = YES;
				CLANG_WARN_DEPRECATED_OBJC_IMPLEMENTATIONS = YES;
				CLANG_WARN_DIRECT_OBJC_ISA_USAGE = YES_ERROR;
				CLANG_WARN_DOCUMENTATION_COMMENTS = YES;
				CLANG_WARN_EMPTY_BODY = YES;
				CLANG_WARN_ENUM_CONVERSION = YES;
				CLANG_WARN_INFINITE_RECURSION = YES;
				CLANG_WARN_INT_CONVERSION = YES;
				CLANG_WARN_NON_LITERAL_NULL_CONVERSION = YES;
				CLANG_WARN_OBJC_IMPLICIT_RETAIN_SELF = YES;
				CLANG_WARN_OBJC_LITERAL_CONVERSION = YES;
				CLANG_WARN_OBJC_ROOT_CLASS = YES_ERROR;
				CLANG_WARN_QUOTED_INCLUDE_IN_FRAMEWORK_HEADER = YES;
				CLANG_WARN_RANGE_LOOP_ANALYSIS = YES;
				CLANG_WARN_STRICT_PROTOTYPES = YES;
				CLANG_WARN_SUSPICIOUS_MOVE = YES;
				CLANG_WARN_UNGUARDED_AVAILABILITY = YES_AGGRESSIVE;
				CLANG_WARN_UNREACHABLE_CODE = YES;
				CLANG_WARN__DUPLICATE_METHOD_MATCH = YES;
				COPY_PHASE_STRIP = NO;
				DEBUG_INFORMATION_FORMAT = dwarf;
				ENABLE_STRICT_OBJC_MSGSEND = YES;
				ENABLE_TESTABILITY = YES;
				GCC_C_LANGUAGE_STANDARD = gnu11;
				GCC_DYNAMIC_NO_PIC = NO;
				GCC_NO_COMMON_BLOCKS = YES;
				GCC_OPTIMIZATION_LEVEL = 0;
				GCC_PREPROCESSOR_DEFINITIONS = (
					"DEBUG=1",
					"$(inherited)",
				);
				GCC_WARN_64_TO_32_BIT_CONVERSION = YES;
				GCC_WARN_ABOUT_RETURN_TYPE = YES_ERROR;
				GCC_WARN_UNDECLARED_SELECTOR = YES;
				GCC_WARN_UNINITIALIZED_AUTOS = YES_AGGRESSIVE;
				GCC_WARN_UNUSED_FUNCTION = YES;
				GCC_WARN_UNUSED_VARIABLE = YES;
				IPHONEOS_DEPLOYMENT_TARGET = 15.5;
				MTL_ENABLE_DEBUG_INFO = INCLUDE_SOURCE;
				MTL_FAST_MATH = YES;
				ONLY_ACTIVE_ARCH = YES;
				SDKROOT = iphoneos;
				SWIFT_ACTIVE_COMPILATION_CONDITIONS = DEBUG;
				SWIFT_OPTIMIZATION_LEVEL = "-Onone";
			};
			name = Debug;
		};
		F6AF87E82916B39700E22A98 /* Release */ = {
			isa = XCBuildConfiguration;
			buildSettings = {
				ALWAYS_SEARCH_USER_PATHS = NO;
				CLANG_ANALYZER_NONNULL = YES;
				CLANG_ANALYZER_NUMBER_OBJECT_CONVERSION = YES_AGGRESSIVE;
				CLANG_CXX_LANGUAGE_STANDARD = "gnu++17";
				CLANG_ENABLE_MODULES = YES;
				CLANG_ENABLE_OBJC_ARC = YES;
				CLANG_ENABLE_OBJC_WEAK = YES;
				CLANG_WARN_BLOCK_CAPTURE_AUTORELEASING = YES;
				CLANG_WARN_BOOL_CONVERSION = YES;
				CLANG_WARN_COMMA = YES;
				CLANG_WARN_CONSTANT_CONVERSION = YES;
				CLANG_WARN_DEPRECATED_OBJC_IMPLEMENTATIONS = YES;
				CLANG_WARN_DIRECT_OBJC_ISA_USAGE = YES_ERROR;
				CLANG_WARN_DOCUMENTATION_COMMENTS = YES;
				CLANG_WARN_EMPTY_BODY = YES;
				CLANG_WARN_ENUM_CONVERSION = YES;
				CLANG_WARN_INFINITE_RECURSION = YES;
				CLANG_WARN_INT_CONVERSION = YES;
				CLANG_WARN_NON_LITERAL_NULL_CONVERSION = YES;
				CLANG_WARN_OBJC_IMPLICIT_RETAIN_SELF = YES;
				CLANG_WARN_OBJC_LITERAL_CONVERSION = YES;
				CLANG_WARN_OBJC_ROOT_CLASS = YES_ERROR;
				CLANG_WARN_QUOTED_INCLUDE_IN_FRAMEWORK_HEADER = YES;
				CLANG_WARN_RANGE_LOOP_ANALYSIS = YES;
				CLANG_WARN_STRICT_PROTOTYPES = YES;
				CLANG_WARN_SUSPICIOUS_MOVE = YES;
				CLANG_WARN_UNGUARDED_AVAILABILITY = YES_AGGRESSIVE;
				CLANG_WARN_UNREACHABLE_CODE = YES;
				CLANG_WARN__DUPLICATE_METHOD_MATCH = YES;
				COPY_PHASE_STRIP = NO;
				DEBUG_INFORMATION_FORMAT = "dwarf-with-dsym";
				ENABLE_NS_ASSERTIONS = NO;
				ENABLE_STRICT_OBJC_MSGSEND = YES;
				GCC_C_LANGUAGE_STANDARD = gnu11;
				GCC_NO_COMMON_BLOCKS = YES;
				GCC_WARN_64_TO_32_BIT_CONVERSION = YES;
				GCC_WARN_ABOUT_RETURN_TYPE = YES_ERROR;
				GCC_WARN_UNDECLARED_SELECTOR = YES;
				GCC_WARN_UNINITIALIZED_AUTOS = YES_AGGRESSIVE;
				GCC_WARN_UNUSED_FUNCTION = YES;
				GCC_WARN_UNUSED_VARIABLE = YES;
				IPHONEOS_DEPLOYMENT_TARGET = 15.5;
				MTL_ENABLE_DEBUG_INFO = NO;
				MTL_FAST_MATH = YES;
				SDKROOT = iphoneos;
				SWIFT_COMPILATION_MODE = wholemodule;
				SWIFT_OPTIMIZATION_LEVEL = "-O";
				VALIDATE_PRODUCT = YES;
			};
			name = Release;
		};
		F6AF87EA2916B39700E22A98 /* Debug */ = {
			isa = XCBuildConfiguration;
			buildSettings = {
				ASSETCATALOG_COMPILER_APPICON_NAME = AppIcon;
				ASSETCATALOG_COMPILER_GLOBAL_ACCENT_COLOR_NAME = AccentColor;
				CODE_SIGN_STYLE = Automatic;
				CURRENT_PROJECT_VERSION = 1;
				DEVELOPMENT_ASSET_PATHS = "\"teammate/Preview Content\"";
				ENABLE_PREVIEWS = YES;
				GENERATE_INFOPLIST_FILE = YES;
				INFOPLIST_KEY_UIApplicationSceneManifest_Generation = YES;
				INFOPLIST_KEY_UIApplicationSupportsIndirectInputEvents = YES;
				INFOPLIST_KEY_UILaunchScreen_Generation = YES;
				INFOPLIST_KEY_UISupportedInterfaceOrientations_iPad = "UIInterfaceOrientationPortrait UIInterfaceOrientationPortraitUpsideDown UIInterfaceOrientationLandscapeLeft UIInterfaceOrientationLandscapeRight";
				INFOPLIST_KEY_UISupportedInterfaceOrientations_iPhone = "UIInterfaceOrientationPortrait UIInterfaceOrientationLandscapeLeft UIInterfaceOrientationLandscapeRight";
				LD_RUNPATH_SEARCH_PATHS = (
					"$(inherited)",
					"@executable_path/Frameworks",
				);
				MARKETING_VERSION = 1.0;
				PRODUCT_BUNDLE_IDENTIFIER = com.company.app.teammate;
				PRODUCT_NAME = "$(TARGET_NAME)";
				SWIFT_EMIT_LOC_STRINGS = YES;
				SWIFT_VERSION = 5.0;
				TARGETED_DEVICE_FAMILY = "1,2";
			};
			name = Debug;
		};
		F6AF87EB2916B39700E22A98 /* Release */ = {
			isa = XCBuildConfiguration;
			buildSettings = {
				ASSETCATALOG_COMPILER_APPICON_NAME = AppIcon;
				ASSETCATALOG_COMPILER_GLOBAL_ACCENT_COLOR_NAME = AccentColor;
				CODE_SIGN_STYLE = Automatic;
				CURRENT_PROJECT_VERSION = 1;
				DEVELOPMENT_ASSET_PATHS = "\"teammate/Preview Content\"";
				ENABLE_PREVIEWS = YES;
				GENERATE_INFOPLIST_FILE = YES;
				INFOPLIST_KEY_UIApplicationSceneManifest_Generation = YES;
				INFOPLIST_KEY_UIApplicationSupportsIndirectInputEvents = YES;
				INFOPLIST_KEY_UILaunchScreen_Generation = YES;
				INFOPLIST_KEY_UISupportedInterfaceOrientations_iPad = "UIInterfaceOrientationPortrait UIInterfaceOrientationPortraitUpsideDown UIInterfaceOrientationLandscapeLeft UIInterfaceOrientationLandscapeRight";
				INFOPLIST_KEY_UISupportedInterfaceOrientations_iPhone = "UIInterfaceOrientationPortrait UIInterfaceOrientationLandscapeLeft UIInterfaceOrientationLandscapeRight";
				LD_RUNPATH_SEARCH_PATHS = (
					"$(inherited)",
					"@executable_path/Frameworks",
				);
				MARKETING_VERSION = 1.0;
				PRODUCT_BUNDLE_IDENTIFIER = com.company.app.teammate;
				PRODUCT_NAME = "$(TARGET_NAME)";
				SWIFT_EMIT_LOC_STRINGS = YES;
				SWIFT_VERSION = 5.0;
				TARGETED_DEVICE_FAMILY = "1,2";
			};
			name = Release;
		};
/* End XCBuildConfiguration section */

/* Begin XCConfigurationList section */
		F6AF87D62916B39200E22A98 /* Build configuration list for PBXProject "teammate" */ = {
			isa = XCConfigurationList;
			buildConfigurations = (
				F6AF87E72916B39700E22A98 /* Debug */,
				F6AF87E82916B39700E22A98 /* Release */,
			);
			defaultConfigurationIsVisible = 0;
			defaultConfigurationName = Release;
		};
		F6AF87E92916B39700E22A98 /* Build configuration list for PBXNativeTarget "teammate" */ = {
			isa = XCConfigurationList;
			buildConfigurations = (
				F6AF87EA2916B39700E22A98 /* Debug */,
				F6AF87EB2916B39700E22A98 /* Release */,
			);
			defaultConfigurationIsVisible = 0;
			defaultConfigurationName = Release;
		};
/* End XCConfigurationList section */

/* Begin XCRemoteSwiftPackageReference section */
		F67B49142916BE6400E4E40A /* XCRemoteSwiftPackageReference "firebase-ios-sdk" */ = {
			isa = XCRemoteSwiftPackageReference;
			repositoryURL = "https://github.com/firebase/firebase-ios-sdk";
			requirement = {
				kind = upToNextMajorVersion;
				minimumVersion = 9.0.0;
			};
		};
/* End XCRemoteSwiftPackageReference section */

/* Begin XCSwiftPackageProductDependency section */
		F67B49152916BE6400E4E40A /* FirebaseAnalytics */ = {
			isa = XCSwiftPackageProductDependency;
			package = F67B49142916BE6400E4E40A /* XCRemoteSwiftPackageReference "firebase-ios-sdk" */;
			productName = FirebaseAnalytics;
		};
		F67B49172916BE6400E4E40A /* FirebaseAnalyticsWithoutAdIdSupport */ = {
			isa = XCSwiftPackageProductDependency;
			package = F67B49142916BE6400E4E40A /* XCRemoteSwiftPackageReference "firebase-ios-sdk" */;
			productName = FirebaseAnalyticsWithoutAdIdSupport;
		};
		F67B49192916BE6400E4E40A /* FirebaseAuth */ = {
			isa = XCSwiftPackageProductDependency;
			package = F67B49142916BE6400E4E40A /* XCRemoteSwiftPackageReference "firebase-ios-sdk" */;
			productName = FirebaseAuth;
		};
		F67B491B2916BE6400E4E40A /* FirebaseFirestore */ = {
			isa = XCSwiftPackageProductDependency;
			package = F67B49142916BE6400E4E40A /* XCRemoteSwiftPackageReference "firebase-ios-sdk" */;
			productName = FirebaseFirestore;
		};
/* End XCSwiftPackageProductDependency section */
	};
	rootObject = F6AF87D32916B39200E22A98 /* Project object */;
}
